// !$*UTF8*$!
{
	archiveVersion = 1;
	classes = {
	};
	objectVersion = 50;
	objects = {

/* Begin PBXBuildFile section */
		2E60BA7A23AA8A1400369031 /* StudentViewController.swift in Sources */ = {isa = PBXBuildFile; fileRef = 2E60BA7923AA8A1400369031 /* StudentViewController.swift */; };
		2E65295423AA8DC6004B3F72 /* TeacherViewController.swift in Sources */ = {isa = PBXBuildFile; fileRef = 2E65295323AA8DC6004B3F72 /* TeacherViewController.swift */; };
		2E73164A23AA8CF50068273E /* LocationViewController.swift in Sources */ = {isa = PBXBuildFile; fileRef = 2E73164923AA8CF50068273E /* LocationViewController.swift */; };
		58B26EE423A92DF300912270 /* AppDelegate.swift in Sources */ = {isa = PBXBuildFile; fileRef = 58B26EE323A92DF300912270 /* AppDelegate.swift */; };
		58B26EE623A92DF300912270 /* SceneDelegate.swift in Sources */ = {isa = PBXBuildFile; fileRef = 58B26EE523A92DF300912270 /* SceneDelegate.swift */; };
		58B26EE823A92DF300912270 /* ViewController.swift in Sources */ = {isa = PBXBuildFile; fileRef = 58B26EE723A92DF300912270 /* ViewController.swift */; };
		58B26EEB23A92DF300912270 /* Main.storyboard in Resources */ = {isa = PBXBuildFile; fileRef = 58B26EE923A92DF300912270 /* Main.storyboard */; };
		58B26EED23A92DF600912270 /* Assets.xcassets in Resources */ = {isa = PBXBuildFile; fileRef = 58B26EEC23A92DF600912270 /* Assets.xcassets */; };
		58B26EF023A92DF600912270 /* LaunchScreen.storyboard in Resources */ = {isa = PBXBuildFile; fileRef = 58B26EEE23A92DF600912270 /* LaunchScreen.storyboard */; };
/* End PBXBuildFile section */

/* Begin PBXFileReference section */
		2E60BA7923AA8A1400369031 /* StudentViewController.swift */ = {isa = PBXFileReference; lastKnownFileType = sourcecode.swift; path = StudentViewController.swift; sourceTree = "<group>"; };
		2E65295323AA8DC6004B3F72 /* TeacherViewController.swift */ = {isa = PBXFileReference; lastKnownFileType = sourcecode.swift; path = TeacherViewController.swift; sourceTree = "<group>"; };
		2E73164923AA8CF50068273E /* LocationViewController.swift */ = {isa = PBXFileReference; lastKnownFileType = sourcecode.swift; path = LocationViewController.swift; sourceTree = "<group>"; };
		58B26EE023A92DF300912270 /* Check In.app */ = {isa = PBXFileReference; explicitFileType = wrapper.application; includeInIndex = 0; path = "Check In.app"; sourceTree = BUILT_PRODUCTS_DIR; };
		58B26EE323A92DF300912270 /* AppDelegate.swift */ = {isa = PBXFileReference; lastKnownFileType = sourcecode.swift; path = AppDelegate.swift; sourceTree = "<group>"; };
		58B26EE523A92DF300912270 /* SceneDelegate.swift */ = {isa = PBXFileReference; lastKnownFileType = sourcecode.swift; path = SceneDelegate.swift; sourceTree = "<group>"; };
		58B26EE723A92DF300912270 /* ViewController.swift */ = {isa = PBXFileReference; lastKnownFileType = sourcecode.swift; path = ViewController.swift; sourceTree = "<group>"; };
		58B26EEA23A92DF300912270 /* Base */ = {isa = PBXFileReference; lastKnownFileType = file.storyboard; name = Base; path = Base.lproj/Main.storyboard; sourceTree = "<group>"; };
		58B26EEC23A92DF600912270 /* Assets.xcassets */ = {isa = PBXFileReference; lastKnownFileType = folder.assetcatalog; path = Assets.xcassets; sourceTree = "<group>"; };
		58B26EEF23A92DF600912270 /* Base */ = {isa = PBXFileReference; lastKnownFileType = file.storyboard; name = Base; path = Base.lproj/LaunchScreen.storyboard; sourceTree = "<group>"; };
		58B26EF123A92DF600912270 /* Info.plist */ = {isa = PBXFileReference; lastKnownFileType = text.plist.xml; path = Info.plist; sourceTree = "<group>"; };
/* End PBXFileReference section */

/* Begin PBXFrameworksBuildPhase section */
		58B26EDD23A92DF300912270 /* Frameworks */ = {
			isa = PBXFrameworksBuildPhase;
			buildActionMask = 2147483647;
			files = (
			);
			runOnlyForDeploymentPostprocessing = 0;
		};
/* End PBXFrameworksBuildPhase section */

/* Begin PBXGroup section */
		58B26ED723A92DF300912270 = {
			isa = PBXGroup;
			children = (
				58B26EE223A92DF300912270 /* Check In */,
				58B26EE123A92DF300912270 /* Products */,
			);
			sourceTree = "<group>";
		};
		58B26EE123A92DF300912270 /* Products */ = {
			isa = PBXGroup;
			children = (
				58B26EE023A92DF300912270 /* Check In.app */,
			);
			name = Products;
			sourceTree = "<group>";
		};
		58B26EE223A92DF300912270 /* Check In */ = {
			isa = PBXGroup;
			children = (
				58B26EE323A92DF300912270 /* AppDelegate.swift */,
				58B26EE523A92DF300912270 /* SceneDelegate.swift */,
				58B26EE923A92DF300912270 /* Main.storyboard */,
				58B26EE723A92DF300912270 /* ViewController.swift */,
				2E73164923AA8CF50068273E /* LocationViewController.swift */,
				2E60BA7923AA8A1400369031 /* StudentViewController.swift */,
				2E65295323AA8DC6004B3F72 /* TeacherViewController.swift */,
				58B26EEC23A92DF600912270 /* Assets.xcassets */,
				58B26EEE23A92DF600912270 /* LaunchScreen.storyboard */,
				58B26EF123A92DF600912270 /* Info.plist */,
			);
			path = "Check In";
			sourceTree = "<group>";
		};
/* End PBXGroup section */

/* Begin PBXNativeTarget section */
		58B26EDF23A92DF300912270 /* Check In */ = {
			isa = PBXNativeTarget;
			buildConfigurationList = 58B26EF423A92DF600912270 /* Build configuration list for PBXNativeTarget "Check In" */;
			buildPhases = (
				58B26EDC23A92DF300912270 /* Sources */,
				58B26EDD23A92DF300912270 /* Frameworks */,
				58B26EDE23A92DF300912270 /* Resources */,
			);
			buildRules = (
			);
			dependencies = (
			);
			name = "Check In";
			productName = "Check In";
			productReference = 58B26EE023A92DF300912270 /* Check In.app */;
			productType = "com.apple.product-type.application";
		};
/* End PBXNativeTarget section */

/* Begin PBXProject section */
		58B26ED823A92DF300912270 /* Project object */ = {
			isa = PBXProject;
			attributes = {
				LastSwiftUpdateCheck = 1120;
				LastUpgradeCheck = 1120;
				ORGANIZATIONNAME = "Timothy P. Hennig";
				TargetAttributes = {
					58B26EDF23A92DF300912270 = {
						CreatedOnToolsVersion = 11.2.1;
					};
				};
			};
			buildConfigurationList = 58B26EDB23A92DF300912270 /* Build configuration list for PBXProject "Check In" */;
			compatibilityVersion = "Xcode 9.3";
			developmentRegion = en;
			hasScannedForEncodings = 0;
			knownRegions = (
				en,
				Base,
			);
			mainGroup = 58B26ED723A92DF300912270;
			productRefGroup = 58B26EE123A92DF300912270 /* Products */;
			projectDirPath = "";
			projectRoot = "";
			targets = (
				58B26EDF23A92DF300912270 /* Check In */,
			);
		};
/* End PBXProject section */

/* Begin PBXResourcesBuildPhase section */
		58B26EDE23A92DF300912270 /* Resources */ = {
			isa = PBXResourcesBuildPhase;
			buildActionMask = 2147483647;
			files = (
				58B26EF023A92DF600912270 /* LaunchScreen.storyboard in Resources */,
				58B26EED23A92DF600912270 /* Assets.xcassets in Resources */,
				58B26EEB23A92DF300912270 /* Main.storyboard in Resources */,
			);
			runOnlyForDeploymentPostprocessing = 0;
		};
/* End PBXResourcesBuildPhase section */

/* Begin PBXSourcesBuildPhase section */
		58B26EDC23A92DF300912270 /* Sources */ = {
			isa = PBXSourcesBuildPhase;
			buildActionMask = 2147483647;
			files = (
				2E73164A23AA8CF50068273E /* LocationViewController.swift in Sources */,
				2E60BA7A23AA8A1400369031 /* StudentViewController.swift in Sources */,
				58B26EE823A92DF300912270 /* ViewController.swift in Sources */,
				58B26EE423A92DF300912270 /* AppDelegate.swift in Sources */,
				58B26EE623A92DF300912270 /* SceneDelegate.swift in Sources */,
				2E65295423AA8DC6004B3F72 /* TeacherViewController.swift in Sources */,
			);
			runOnlyForDeploymentPostprocessing = 0;
		};
/* End PBXSourcesBuildPhase section */

/* Begin PBXVariantGroup section */
		58B26EE923A92DF300912270 /* Main.storyboard */ = {
			isa = PBXVariantGroup;
			children = (
				58B26EEA23A92DF300912270 /* Base */,
			);
			name = Main.storyboard;
			sourceTree = "<group>";
		};
		58B26EEE23A92DF600912270 /* LaunchScreen.storyboard */ = {
			isa = PBXVariantGroup;
			children = (
				58B26EEF23A92DF600912270 /* Base */,
			);
			name = LaunchScreen.storyboard;
			sourceTree = "<group>";
		};
/* End PBXVariantGroup section */

/* Begin XCBuildConfiguration section */
		58B26EF223A92DF600912270 /* Debug */ = {
			isa = XCBuildConfiguration;
			buildSettings = {
				ALWAYS_SEARCH_USER_PATHS = NO;
				CLANG_ANALYZER_NONNULL = YES;
				CLANG_ANALYZER_NUMBER_OBJECT_CONVERSION = YES_AGGRESSIVE;
				CLANG_CXX_LANGUAGE_STANDARD = "gnu++14";
				CLANG_CXX_LIBRARY = "libc++";
				CLANG_ENABLE_MODULES = YES;
				CLANG_ENABLE_OBJC_ARC = YES;
				CLANG_ENABLE_OBJC_WEAK = YES;
				CLANG_WARN_BLOCK_CAPTURE_AUTORELEASING = YES;
				CLANG_WARN_BOOL_CONVERSION = YES;
				CLANG_WARN_COMMA = YES;
				CLANG_WARN_CONSTANT_CONVERSION = YES;
				CLANG_WARN_DEPRECATED_OBJC_IMPLEMENTATIONS = YES;
				CLANG_WARN_DIRECT_OBJC_ISA_USAGE = YES_ERROR;
				CLANG_WARN_DOCUMENTATION_COMMENTS = YES;
				CLANG_WARN_EMPTY_BODY = YES;
				CLANG_WARN_ENUM_CONVERSION = YES;
				CLANG_WARN_INFINITE_RECURSION = YES;
				CLANG_WARN_INT_CONVERSION = YES;
				CLANG_WARN_NON_LITERAL_NULL_CONVERSION = YES;
				CLANG_WARN_OBJC_IMPLICIT_RETAIN_SELF = YES;
				CLANG_WARN_OBJC_LITERAL_CONVERSION = YES;
				CLANG_WARN_OBJC_ROOT_CLASS = YES_ERROR;
				CLANG_WARN_RANGE_LOOP_ANALYSIS = YES;
				CLANG_WARN_STRICT_PROTOTYPES = YES;
				CLANG_WARN_SUSPICIOUS_MOVE = YES;
				CLANG_WARN_UNGUARDED_AVAILABILITY = YES_AGGRESSIVE;
				CLANG_WARN_UNREACHABLE_CODE = YES;
				CLANG_WARN__DUPLICATE_METHOD_MATCH = YES;
				COPY_PHASE_STRIP = NO;
				DEBUG_INFORMATION_FORMAT = dwarf;
				ENABLE_STRICT_OBJC_MSGSEND = YES;
				ENABLE_TESTABILITY = YES;
				GCC_C_LANGUAGE_STANDARD = gnu11;
				GCC_DYNAMIC_NO_PIC = NO;
				GCC_NO_COMMON_BLOCKS = YES;
				GCC_OPTIMIZATION_LEVEL = 0;
				GCC_PREPROCESSOR_DEFINITIONS = (
					"DEBUG=1",
					"$(inherited)",
				);
				GCC_WARN_64_TO_32_BIT_CONVERSION = YES;
				GCC_WARN_ABOUT_RETURN_TYPE = YES_ERROR;
				GCC_WARN_UNDECLARED_SELECTOR = YES;
				GCC_WARN_UNINITIALIZED_AUTOS = YES_AGGRESSIVE;
				GCC_WARN_UNUSED_FUNCTION = YES;
				GCC_WARN_UNUSED_VARIABLE = YES;
				IPHONEOS_DEPLOYMENT_TARGET = 13.2;
				MTL_ENABLE_DEBUG_INFO = INCLUDE_SOURCE;
				MTL_FAST_MATH = YES;
				ONLY_ACTIVE_ARCH = YES;
				SDKROOT = iphoneos;
				SWIFT_ACTIVE_COMPILATION_CONDITIONS = DEBUG;
				SWIFT_OPTIMIZATION_LEVEL = "-Onone";
			};
			name = Debug;
		};
		58B26EF323A92DF600912270 /* Release */ = {
			isa = XCBuildConfiguration;
			buildSettings = {
				ALWAYS_SEARCH_USER_PATHS = NO;
				CLANG_ANALYZER_NONNULL = YES;
				CLANG_ANALYZER_NUMBER_OBJECT_CONVERSION = YES_AGGRESSIVE;
				CLANG_CXX_LANGUAGE_STANDARD = "gnu++14";
				CLANG_CXX_LIBRARY = "libc++";
				CLANG_ENABLE_MODULES = YES;
				CLANG_ENABLE_OBJC_ARC = YES;
				CLANG_ENABLE_OBJC_WEAK = YES;
				CLANG_WARN_BLOCK_CAPTURE_AUTORELEASING = YES;
				CLANG_WARN_BOOL_CONVERSION = YES;
				CLANG_WARN_COMMA = YES;
				CLANG_WARN_CONSTANT_CONVERSION = YES;
				CLANG_WARN_DEPRECATED_OBJC_IMPLEMENTATIONS = YES;
				CLANG_WARN_DIRECT_OBJC_ISA_USAGE = YES_ERROR;
				CLANG_WARN_DOCUMENTATION_COMMENTS = YES;
				CLANG_WARN_EMPTY_BODY = YES;
				CLANG_WARN_ENUM_CONVERSION = YES;
				CLANG_WARN_INFINITE_RECURSION = YES;
				CLANG_WARN_INT_CONVERSION = YES;
				CLANG_WARN_NON_LITERAL_NULL_CONVERSION = YES;
				CLANG_WARN_OBJC_IMPLICIT_RETAIN_SELF = YES;
				CLANG_WARN_OBJC_LITERAL_CONVERSION = YES;
				CLANG_WARN_OBJC_ROOT_CLASS = YES_ERROR;
				CLANG_WARN_RANGE_LOOP_ANALYSIS = YES;
				CLANG_WARN_STRICT_PROTOTYPES = YES;
				CLANG_WARN_SUSPICIOUS_MOVE = YES;
				CLANG_WARN_UNGUARDED_AVAILABILITY = YES_AGGRESSIVE;
				CLANG_WARN_UNREACHABLE_CODE = YES;
				CLANG_WARN__DUPLICATE_METHOD_MATCH = YES;
				COPY_PHASE_STRIP = NO;
				DEBUG_INFORMATION_FORMAT = "dwarf-with-dsym";
				ENABLE_NS_ASSERTIONS = NO;
				ENABLE_STRICT_OBJC_MSGSEND = YES;
				GCC_C_LANGUAGE_STANDARD = gnu11;
				GCC_NO_COMMON_BLOCKS = YES;
				GCC_WARN_64_TO_32_BIT_CONVERSION = YES;
				GCC_WARN_ABOUT_RETURN_TYPE = YES_ERROR;
				GCC_WARN_UNDECLARED_SELECTOR = YES;
				GCC_WARN_UNINITIALIZED_AUTOS = YES_AGGRESSIVE;
				GCC_WARN_UNUSED_FUNCTION = YES;
				GCC_WARN_UNUSED_VARIABLE = YES;
				IPHONEOS_DEPLOYMENT_TARGET = 13.2;
				MTL_ENABLE_DEBUG_INFO = NO;
				MTL_FAST_MATH = YES;
				SDKROOT = iphoneos;
				SWIFT_COMPILATION_MODE = wholemodule;
				SWIFT_OPTIMIZATION_LEVEL = "-O";
				VALIDATE_PRODUCT = YES;
			};
			name = Release;
		};
		58B26EF523A92DF600912270 /* Debug */ = {
			isa = XCBuildConfiguration;
			buildSettings = {
				ASSETCATALOG_COMPILER_APPICON_NAME = AppIcon;
				CODE_SIGN_STYLE = Automatic;
				DEVELOPMENT_TEAM = DC4RSCG25N;
				INFOPLIST_FILE = "Check In/Info.plist";
				LD_RUNPATH_SEARCH_PATHS = (
					"$(inherited)",
					"@executable_path/Frameworks",
				);
				PRODUCT_BUNDLE_IDENTIFIER = "com.phs.Check-In";
				PRODUCT_NAME = "$(TARGET_NAME)";
				SWIFT_VERSION = 5.0;
				TARGETED_DEVICE_FAMILY = 2;
			};
			name = Debug;
		};
		58B26EF623A92DF600912270 /* Release */ = {
			isa = XCBuildConfiguration;
			buildSettings = {
				ASSETCATALOG_COMPILER_APPICON_NAME = AppIcon;
				CODE_SIGN_STYLE = Automatic;
				DEVELOPMENT_TEAM = DC4RSCG25N;
				INFOPLIST_FILE = "Check In/Info.plist";
				LD_RUNPATH_SEARCH_PATHS = (
					"$(inherited)",
					"@executable_path/Frameworks",
				);
				PRODUCT_BUNDLE_IDENTIFIER = "com.phs.Check-In";
				PRODUCT_NAME = "$(TARGET_NAME)";
				SWIFT_VERSION = 5.0;
				TARGETED_DEVICE_FAMILY = 2;
			};
			name = Release;
		};
/* End XCBuildConfiguration section */

/* Begin XCConfigurationList section */
		58B26EDB23A92DF300912270 /* Build configuration list for PBXProject "Check In" */ = {
			isa = XCConfigurationList;
			buildConfigurations = (
				58B26EF223A92DF600912270 /* Debug */,
				58B26EF323A92DF600912270 /* Release */,
			);
			defaultConfigurationIsVisible = 0;
			defaultConfigurationName = Release;
		};
		58B26EF423A92DF600912270 /* Build configuration list for PBXNativeTarget "Check In" */ = {
			isa = XCConfigurationList;
			buildConfigurations = (
				58B26EF523A92DF600912270 /* Debug */,
				58B26EF623A92DF600912270 /* Release */,
			);
			defaultConfigurationIsVisible = 0;
			defaultConfigurationName = Release;
		};
/* End XCConfigurationList section */
	};
	rootObject = 58B26ED823A92DF300912270 /* Project object */;
}
